{
  "requires": true,
  "lockfileVersion": 1,
  "dependencies": {
    "cldrjs": {
      "version": "0.5.5",
      "resolved": "https://registry.npmjs.org/cldrjs/-/cldrjs-0.5.5.tgz",
      "integrity": "sha512-KDwzwbmLIPfCgd8JERVDpQKrUUM1U4KpFJJg2IROv89rF172lLufoJnqJ/Wea6fXL5bO6WjuLMzY8V52UWPvkA=="
    }
  }
}
